
Microsoft Visual Studio Solution File, Format Version 12.00
# Visual Studio Version 16
VisualStudioVersion = 16.0.31019.35
MinimumVisualStudioVersion = 10.0.40219.1
Project("{9A19103F-16F7-4668-BE54-9A1E7A4F7556}") = "Terminal3", "Terminal3\Terminal3.csproj", "{BB8CAB6F-E9F8-47F1-AF60-72B3C45865F3}"
EndProject
Project("{9A19103F-16F7-4668-BE54-9A1E7A4F7556}") = "XUnitTestTerminal3", "XUnitTestTerminal3\XUnitTestTerminal3.csproj", "{7483445B-5243-4EDE-9448-FD0EB58F31BC}"
EndProject
Project("{9A19103F-16F7-4668-BE54-9A1E7A4F7556}") = "Terminal3-UnitTests", "Terminal3Tests\Terminal3-UnitTests.csproj", "{E328A82A-D91A-4173-8622-3FD2E4A5A534}"
EndProject
Project("{9A19103F-16F7-4668-BE54-9A1E7A4F7556}") = "Terminal3-IntegrationTests", "Terminal3-IntegrationTests\Terminal3-IntegrationTests.csproj", "{C6EFB33A-FB00-4229-822C-381218177CA5}"
EndProject
Project("{9A19103F-16F7-4668-BE54-9A1E7A4F7556}") = "Terminal3WebAPI", "WebApplication3\Terminal3WebAPI.csproj", "{53112A7E-AD8E-459C-9337-2A317630C408}"
EndProject
Project("{9A19103F-16F7-4668-BE54-9A1E7A4F7556}") = "Terminal3-E2ETests", "Terminal3Tests1\Terminal3-E2ETests.csproj", "{58DA5BC2-03EB-423A-A83D-2D7BE3517530}"
EndProject
Project("{9A19103F-16F7-4668-BE54-9A1E7A4F7556}") = "SignalRgateway", "WebApplication1\SignalRgateway.csproj", "{34ED8049-EC8A-44A4-8FB6-C14A25F2B2A0}"
EndProject
Project("{FAE04EC0-301F-11D3-BF4B-00C04F79EFBC}") = "SignalrServer", "SignalrServer\SignalrServer.csproj", "{DE7175F9-A8BB-4ACA-8148-0D08E743D10B}"
EndProject
Global
	GlobalSection(SolutionConfigurationPlatforms) = preSolution
		Debug|Any CPU = Debug|Any CPU
		Release|Any CPU = Release|Any CPU
	EndGlobalSection
	GlobalSection(ProjectConfigurationPlatforms) = postSolution
		{BB8CAB6F-E9F8-47F1-AF60-72B3C45865F3}.Debug|Any CPU.ActiveCfg = Debug|Any CPU
		{BB8CAB6F-E9F8-47F1-AF60-72B3C45865F3}.Debug|Any CPU.Build.0 = Debug|Any CPU
		{BB8CAB6F-E9F8-47F1-AF60-72B3C45865F3}.Release|Any CPU.ActiveCfg = Release|Any CPU
		{BB8CAB6F-E9F8-47F1-AF60-72B3C45865F3}.Release|Any CPU.Build.0 = Release|Any CPU
		{7483445B-5243-4EDE-9448-FD0EB58F31BC}.Debug|Any CPU.ActiveCfg = Debug|Any CPU
		{7483445B-5243-4EDE-9448-FD0EB58F31BC}.Debug|Any CPU.Build.0 = Debug|Any CPU
		{7483445B-5243-4EDE-9448-FD0EB58F31BC}.Release|Any CPU.ActiveCfg = Release|Any CPU
		{7483445B-5243-4EDE-9448-FD0EB58F31BC}.Release|Any CPU.Build.0 = Release|Any CPU
		{E328A82A-D91A-4173-8622-3FD2E4A5A534}.Debug|Any CPU.ActiveCfg = Debug|Any CPU
		{E328A82A-D91A-4173-8622-3FD2E4A5A534}.Debug|Any CPU.Build.0 = Debug|Any CPU
		{E328A82A-D91A-4173-8622-3FD2E4A5A534}.Release|Any CPU.ActiveCfg = Release|Any CPU
		{E328A82A-D91A-4173-8622-3FD2E4A5A534}.Release|Any CPU.Build.0 = Release|Any CPU
		{C6EFB33A-FB00-4229-822C-381218177CA5}.Debug|Any CPU.ActiveCfg = Debug|Any CPU
		{C6EFB33A-FB00-4229-822C-381218177CA5}.Debug|Any CPU.Build.0 = Debug|Any CPU
		{C6EFB33A-FB00-4229-822C-381218177CA5}.Release|Any CPU.ActiveCfg = Release|Any CPU
		{C6EFB33A-FB00-4229-822C-381218177CA5}.Release|Any CPU.Build.0 = Release|Any CPU
		{53112A7E-AD8E-459C-9337-2A317630C408}.Debug|Any CPU.ActiveCfg = Debug|Any CPU
		{53112A7E-AD8E-459C-9337-2A317630C408}.Debug|Any CPU.Build.0 = Debug|Any CPU
		{53112A7E-AD8E-459C-9337-2A317630C408}.Release|Any CPU.ActiveCfg = Release|Any CPU
		{53112A7E-AD8E-459C-9337-2A317630C408}.Release|Any CPU.Build.0 = Release|Any CPU
		{58DA5BC2-03EB-423A-A83D-2D7BE3517530}.Debug|Any CPU.ActiveCfg = Debug|Any CPU
		{58DA5BC2-03EB-423A-A83D-2D7BE3517530}.Debug|Any CPU.Build.0 = Debug|Any CPU
		{58DA5BC2-03EB-423A-A83D-2D7BE3517530}.Release|Any CPU.ActiveCfg = Release|Any CPU
		{58DA5BC2-03EB-423A-A83D-2D7BE3517530}.Release|Any CPU.Build.0 = Release|Any CPU
		{34ED8049-EC8A-44A4-8FB6-C14A25F2B2A0}.Debug|Any CPU.ActiveCfg = Debug|Any CPU
		{34ED8049-EC8A-44A4-8FB6-C14A25F2B2A0}.Debug|Any CPU.Build.0 = Debug|Any CPU
		{34ED8049-EC8A-44A4-8FB6-C14A25F2B2A0}.Release|Any CPU.ActiveCfg = Release|Any CPU
		{34ED8049-EC8A-44A4-8FB6-C14A25F2B2A0}.Release|Any CPU.Build.0 = Release|Any CPU
		{DE7175F9-A8BB-4ACA-8148-0D08E743D10B}.Debug|Any CPU.ActiveCfg = Debug|Any CPU
		{DE7175F9-A8BB-4ACA-8148-0D08E743D10B}.Debug|Any CPU.Build.0 = Debug|Any CPU
		{DE7175F9-A8BB-4ACA-8148-0D08E743D10B}.Release|Any CPU.ActiveCfg = Release|Any CPU
		{DE7175F9-A8BB-4ACA-8148-0D08E743D10B}.Release|Any CPU.Build.0 = Release|Any CPU
	EndGlobalSection
	GlobalSection(SolutionProperties) = preSolution
		HideSolutionNode = FALSE
	EndGlobalSection
	GlobalSection(ExtensibilityGlobals) = postSolution
		SolutionGuid = {32F09CAC-B7F4-4E6E-9CD3-B1632D8055F7}
	EndGlobalSection
EndGlobal
