
Microsoft Visual Studio Solution File, Format Version 12.00
# Visual Studio Version 16
VisualStudioVersion = 16.0.31019.35
MinimumVisualStudioVersion = 10.0.40219.1
Project("{9A19103F-16F7-4668-BE54-9A1E7A4F7556}") = "Terminal3", "Terminal3\Terminal3.csproj", "{BB8CAB6F-E9F8-47F1-AF60-72B3C45865F3}"
EndProject
Project("{9A19103F-16F7-4668-BE54-9A1E7A4F7556}") = "XUnitTestTerminal3", "XUnitTestTerminal3\XUnitTestTerminal3.csproj", "{7483445B-5243-4EDE-9448-FD0EB58F31BC}"
EndProject
Project("{9A19103F-16F7-4668-BE54-9A1E7A4F7556}") = "Terminal3-UnitTests", "Terminal3Tests\Terminal3-UnitTests.csproj", "{E328A82A-D91A-4173-8622-3FD2E4A5A534}"
EndProject
Project("{9A19103F-16F7-4668-BE54-9A1E7A4F7556}") = "Terminal3API", "Terminal3API\Terminal3API.csproj", "{23FCFE1B-57DD-4190-8DF4-EE071C0B3E79}"
EndProject
Global
	GlobalSection(SolutionConfigurationPlatforms) = preSolution
		Debug|Any CPU = Debug|Any CPU
		Release|Any CPU = Release|Any CPU
	EndGlobalSection
	GlobalSection(ProjectConfigurationPlatforms) = postSolution
		{BB8CAB6F-E9F8-47F1-AF60-72B3C45865F3}.Debug|Any CPU.ActiveCfg = Debug|Any CPU
		{BB8CAB6F-E9F8-47F1-AF60-72B3C45865F3}.Debug|Any CPU.Build.0 = Debug|Any CPU
		{BB8CAB6F-E9F8-47F1-AF60-72B3C45865F3}.Release|Any CPU.ActiveCfg = Release|Any CPU
		{BB8CAB6F-E9F8-47F1-AF60-72B3C45865F3}.Release|Any CPU.Build.0 = Release|Any CPU
		{7483445B-5243-4EDE-9448-FD0EB58F31BC}.Debug|Any CPU.ActiveCfg = Debug|Any CPU
		{7483445B-5243-4EDE-9448-FD0EB58F31BC}.Debug|Any CPU.Build.0 = Debug|Any CPU
		{7483445B-5243-4EDE-9448-FD0EB58F31BC}.Release|Any CPU.ActiveCfg = Release|Any CPU
		{7483445B-5243-4EDE-9448-FD0EB58F31BC}.Release|Any CPU.Build.0 = Release|Any CPU
		{E328A82A-D91A-4173-8622-3FD2E4A5A534}.Debug|Any CPU.ActiveCfg = Debug|Any CPU
		{E328A82A-D91A-4173-8622-3FD2E4A5A534}.Debug|Any CPU.Build.0 = Debug|Any CPU
		{E328A82A-D91A-4173-8622-3FD2E4A5A534}.Release|Any CPU.ActiveCfg = Release|Any CPU
		{E328A82A-D91A-4173-8622-3FD2E4A5A534}.Release|Any CPU.Build.0 = Release|Any CPU
		{23FCFE1B-57DD-4190-8DF4-EE071C0B3E79}.Debug|Any CPU.ActiveCfg = Debug|Any CPU
		{23FCFE1B-57DD-4190-8DF4-EE071C0B3E79}.Debug|Any CPU.Build.0 = Debug|Any CPU
		{23FCFE1B-57DD-4190-8DF4-EE071C0B3E79}.Release|Any CPU.ActiveCfg = Release|Any CPU
		{23FCFE1B-57DD-4190-8DF4-EE071C0B3E79}.Release|Any CPU.Build.0 = Release|Any CPU
	EndGlobalSection
	GlobalSection(SolutionProperties) = preSolution
		HideSolutionNode = FALSE
	EndGlobalSection
	GlobalSection(ExtensibilityGlobals) = postSolution
		SolutionGuid = {32F09CAC-B7F4-4E6E-9CD3-B1632D8055F7}
	EndGlobalSection
EndGlobal
